
Microsoft Visual Studio Solution File, Format Version 12.00
# Visual Studio 14
VisualStudioVersion = 14.0.25420.1
MinimumVisualStudioVersion = 10.0.40219.1
Project("{FAE04EC0-301F-11D3-BF4B-00C04F79EFBC}") = "Practice_NTtoUS", "Practice_NTtoUS\Practice_NTtoUS.csproj", "{BEA5898C-7627-411B-94AF-64219E0E06B7}"
EndProject
Global
	GlobalSection(SolutionConfigurationPlatforms) = preSolution
		Debug|Any CPU = Debug|Any CPU
		Release|Any CPU = Release|Any CPU
	EndGlobalSection
	GlobalSection(ProjectConfigurationPlatforms) = postSolution
		{BEA5898C-7627-411B-94AF-64219E0E06B7}.Debug|Any CPU.ActiveCfg = Debug|Any CPU
		{BEA5898C-7627-411B-94AF-64219E0E06B7}.Debug|Any CPU.Build.0 = Debug|Any CPU
		{BEA5898C-7627-411B-94AF-64219E0E06B7}.Release|Any CPU.ActiveCfg = Release|Any CPU
		{BEA5898C-7627-411B-94AF-64219E0E06B7}.Release|Any CPU.Build.0 = Release|Any CPU
	EndGlobalSection
	GlobalSection(SolutionProperties) = preSolution
		HideSolutionNode = FALSE
	EndGlobalSection
EndGlobal
