
Microsoft Visual Studio Solution File, Format Version 12.00
# Visual Studio 14
VisualStudioVersion = 14.0.25420.1
MinimumVisualStudioVersion = 10.0.40219.1
Project("{FAE04EC0-301F-11D3-BF4B-00C04F79EFBC}") = "Hw1", "Hw1\Hw1.csproj", "{E0CD6E3E-5E04-47FC-A924-E0046D39815D}"
EndProject
Global
	GlobalSection(SolutionConfigurationPlatforms) = preSolution
		Debug|Any CPU = Debug|Any CPU
		Release|Any CPU = Release|Any CPU
	EndGlobalSection
	GlobalSection(ProjectConfigurationPlatforms) = postSolution
		{E0CD6E3E-5E04-47FC-A924-E0046D39815D}.Debug|Any CPU.ActiveCfg = Debug|Any CPU
		{E0CD6E3E-5E04-47FC-A924-E0046D39815D}.Debug|Any CPU.Build.0 = Debug|Any CPU
		{E0CD6E3E-5E04-47FC-A924-E0046D39815D}.Release|Any CPU.ActiveCfg = Release|Any CPU
		{E0CD6E3E-5E04-47FC-A924-E0046D39815D}.Release|Any CPU.Build.0 = Release|Any CPU
	EndGlobalSection
	GlobalSection(SolutionProperties) = preSolution
		HideSolutionNode = FALSE
	EndGlobalSection
EndGlobal
