
Microsoft Visual Studio Solution File, Format Version 12.00
# Visual Studio 14
VisualStudioVersion = 14.0.25420.1
MinimumVisualStudioVersion = 10.0.40219.1
Project("{FAE04EC0-301F-11D3-BF4B-00C04F79EFBC}") = "Practice_list", "Practice_list\Practice_list.csproj", "{CD6362BF-0BC5-4687-874E-B7480AEEDC9B}"
EndProject
Global
	GlobalSection(SolutionConfigurationPlatforms) = preSolution
		Debug|Any CPU = Debug|Any CPU
		Release|Any CPU = Release|Any CPU
	EndGlobalSection
	GlobalSection(ProjectConfigurationPlatforms) = postSolution
		{CD6362BF-0BC5-4687-874E-B7480AEEDC9B}.Debug|Any CPU.ActiveCfg = Debug|Any CPU
		{CD6362BF-0BC5-4687-874E-B7480AEEDC9B}.Debug|Any CPU.Build.0 = Debug|Any CPU
		{CD6362BF-0BC5-4687-874E-B7480AEEDC9B}.Release|Any CPU.ActiveCfg = Release|Any CPU
		{CD6362BF-0BC5-4687-874E-B7480AEEDC9B}.Release|Any CPU.Build.0 = Release|Any CPU
	EndGlobalSection
	GlobalSection(SolutionProperties) = preSolution
		HideSolutionNode = FALSE
	EndGlobalSection
EndGlobal
