
Microsoft Visual Studio Solution File, Format Version 12.00
# Visual Studio 14
VisualStudioVersion = 14.0.25420.1
MinimumVisualStudioVersion = 10.0.40219.1
Project("{FAE04EC0-301F-11D3-BF4B-00C04F79EFBC}") = "Practice_multipleFormList", "Practice_multipleFormList\Practice_multipleFormList.csproj", "{0A9CA7DE-AFB9-411E-921A-0B070F40EF9B}"
EndProject
Global
	GlobalSection(SolutionConfigurationPlatforms) = preSolution
		Debug|Any CPU = Debug|Any CPU
		Release|Any CPU = Release|Any CPU
	EndGlobalSection
	GlobalSection(ProjectConfigurationPlatforms) = postSolution
		{0A9CA7DE-AFB9-411E-921A-0B070F40EF9B}.Debug|Any CPU.ActiveCfg = Debug|Any CPU
		{0A9CA7DE-AFB9-411E-921A-0B070F40EF9B}.Debug|Any CPU.Build.0 = Debug|Any CPU
		{0A9CA7DE-AFB9-411E-921A-0B070F40EF9B}.Release|Any CPU.ActiveCfg = Release|Any CPU
		{0A9CA7DE-AFB9-411E-921A-0B070F40EF9B}.Release|Any CPU.Build.0 = Release|Any CPU
	EndGlobalSection
	GlobalSection(SolutionProperties) = preSolution
		HideSolutionNode = FALSE
	EndGlobalSection
EndGlobal
