<?xml version="1.0" encoding="utf-8"?>
<Project ToolsVersion="15.0" xmlns="http://schemas.microsoft.com/developer/msbuild/2003">
  <ItemGroup>
    <ClCompile Include="C:\Users\user\Desktop\Programming Language\Homework1\ext\nana\source\any.cpp">
      <Filter>Source Files</Filter>
    </ClCompile>
    <ClCompile Include="C:\Users\user\Desktop\Programming Language\Homework1\ext\nana\source\basic_types.cpp">
      <Filter>Source Files</Filter>
    </ClCompile>
    <ClCompile Include="C:\Users\user\Desktop\Programming Language\Homework1\ext\nana\source\charset.cpp">
      <Filter>Source Files</Filter>
    </ClCompile>
    <ClCompile Include="C:\Users\user\Desktop\Programming Language\Homework1\ext\nana\source\datetime.cpp">
      <Filter>Source Files</Filter>
    </ClCompile>
    <ClCompile Include="C:\Users\user\Desktop\Programming Language\Homework1\ext\nana\source\deploy.cpp">
      <Filter>Source Files</Filter>
    </ClCompile>
    <ClCompile Include="C:\Users\user\Desktop\Programming Language\Homework1\ext\nana\source\internationalization.cpp">
      <Filter>Source Files</Filter>
    </ClCompile>
    <ClCompile Include="C:\Users\user\Desktop\Programming Language\Homework1\ext\nana\source\stdc++.cpp">
      <Filter>Source Files</Filter>
    </ClCompile>
    <ClCompile Include="C:\Users\user\Desktop\Programming Language\Homework1\ext\nana\source\unicode_bidi.cpp">
      <Filter>Source Files</Filter>
    </ClCompile>
    <ClCompile Include="C:\Users\user\Desktop\Programming Language\Homework1\ext\nana\source\detail\platform_abstraction.cpp">
      <Filter>Source Files</Filter>
    </ClCompile>
    <ClCompile Include="C:\Users\user\Desktop\Programming Language\Homework1\ext\nana\source\detail\platform_spec_posix.cpp">
      <Filter>Source Files</Filter>
    </ClCompile>
    <ClCompile Include="C:\Users\user\Desktop\Programming Language\Homework1\ext\nana\source\detail\platform_spec_windows.cpp">
      <Filter>Source Files</Filter>
    </ClCompile>
    <ClCompile Include="C:\Users\user\Desktop\Programming Language\Homework1\ext\nana\source\filesystem\filesystem.cpp">
      <Filter>Source Files</Filter>
    </ClCompile>
    <ClCompile Include="C:\Users\user\Desktop\Programming Language\Homework1\ext\nana\source\gui\animation.cpp">
      <Filter>Source Files</Filter>
    </ClCompile>
    <ClCompile Include="C:\Users\user\Desktop\Programming Language\Homework1\ext\nana\source\gui\basis.cpp">
      <Filter>Source Files</Filter>
    </ClCompile>
    <ClCompile Include="C:\Users\user\Desktop\Programming Language\Homework1\ext\nana\source\gui\dragger.cpp">
      <Filter>Source Files</Filter>
    </ClCompile>
    <ClCompile Include="C:\Users\user\Desktop\Programming Language\Homework1\ext\nana\source\gui\drawing.cpp">
      <Filter>Source Files</Filter>
    </ClCompile>
    <ClCompile Include="C:\Users\user\Desktop\Programming Language\Homework1\ext\nana\source\gui\effects.cpp">
      <Filter>Source Files</Filter>
    </ClCompile>
    <ClCompile Include="C:\Users\user\Desktop\Programming Language\Homework1\ext\nana\source\gui\element.cpp">
      <Filter>Source Files</Filter>
    </ClCompile>
    <ClCompile Include="C:\Users\user\Desktop\Programming Language\Homework1\ext\nana\source\gui\filebox.cpp">
      <Filter>Source Files</Filter>
    </ClCompile>
    <ClCompile Include="C:\Users\user\Desktop\Programming Language\Homework1\ext\nana\source\gui\layout_utility.cpp">
      <Filter>Source Files</Filter>
    </ClCompile>
    <ClCompile Include="C:\Users\user\Desktop\Programming Language\Homework1\ext\nana\source\gui\msgbox.cpp">
      <Filter>Source Files</Filter>
    </ClCompile>
    <ClCompile Include="C:\Users\user\Desktop\Programming Language\Homework1\ext\nana\source\gui\notifier.cpp">
      <Filter>Source Files</Filter>
    </ClCompile>
    <ClCompile Include="C:\Users\user\Desktop\Programming Language\Homework1\ext\nana\source\gui\place.cpp">
      <Filter>Source Files</Filter>
    </ClCompile>
    <ClCompile Include="C:\Users\user\Desktop\Programming Language\Homework1\ext\nana\source\gui\programming_interface.cpp">
      <Filter>Source Files</Filter>
    </ClCompile>
    <ClCompile Include="C:\Users\user\Desktop\Programming Language\Homework1\ext\nana\source\gui\screen.cpp">
      <Filter>Source Files</Filter>
    </ClCompile>
    <ClCompile Include="C:\Users\user\Desktop\Programming Language\Homework1\ext\nana\source\gui\state_cursor.cpp">
      <Filter>Source Files</Filter>
    </ClCompile>
    <ClCompile Include="C:\Users\user\Desktop\Programming Language\Homework1\ext\nana\source\gui\timer.cpp">
      <Filter>Source Files</Filter>
    </ClCompile>
    <ClCompile Include="C:\Users\user\Desktop\Programming Language\Homework1\ext\nana\source\gui\tooltip.cpp">
      <Filter>Source Files</Filter>
    </ClCompile>
    <ClCompile Include="C:\Users\user\Desktop\Programming Language\Homework1\ext\nana\source\gui\wvl.cpp">
      <Filter>Source Files</Filter>
    </ClCompile>
    <ClCompile Include="C:\Users\user\Desktop\Programming Language\Homework1\ext\nana\source\gui\detail\basic_window.cpp">
      <Filter>Source Files</Filter>
    </ClCompile>
    <ClCompile Include="C:\Users\user\Desktop\Programming Language\Homework1\ext\nana\source\gui\detail\bedrock_pi.cpp">
      <Filter>Source Files</Filter>
    </ClCompile>
    <ClCompile Include="C:\Users\user\Desktop\Programming Language\Homework1\ext\nana\source\gui\detail\bedrock_posix.cpp">
      <Filter>Source Files</Filter>
    </ClCompile>
    <ClCompile Include="C:\Users\user\Desktop\Programming Language\Homework1\ext\nana\source\gui\detail\bedrock_windows.cpp">
      <Filter>Source Files</Filter>
    </ClCompile>
    <ClCompile Include="C:\Users\user\Desktop\Programming Language\Homework1\ext\nana\source\gui\detail\color_schemes.cpp">
      <Filter>Source Files</Filter>
    </ClCompile>
    <ClCompile Include="C:\Users\user\Desktop\Programming Language\Homework1\ext\nana\source\gui\detail\drawer.cpp">
      <Filter>Source Files</Filter>
    </ClCompile>
    <ClCompile Include="C:\Users\user\Desktop\Programming Language\Homework1\ext\nana\source\gui\detail\element_store.cpp">
      <Filter>Source Files</Filter>
    </ClCompile>
    <ClCompile Include="C:\Users\user\Desktop\Programming Language\Homework1\ext\nana\source\gui\detail\events_operation.cpp">
      <Filter>Source Files</Filter>
    </ClCompile>
    <ClCompile Include="C:\Users\user\Desktop\Programming Language\Homework1\ext\nana\source\gui\detail\native_window_interface.cpp">
      <Filter>Source Files</Filter>
    </ClCompile>
    <ClCompile Include="C:\Users\user\Desktop\Programming Language\Homework1\ext\nana\source\gui\detail\window_layout.cpp">
      <Filter>Source Files</Filter>
    </ClCompile>
    <ClCompile Include="C:\Users\user\Desktop\Programming Language\Homework1\ext\nana\source\gui\detail\window_manager.cpp">
      <Filter>Source Files</Filter>
    </ClCompile>
    <ClCompile Include="C:\Users\user\Desktop\Programming Language\Homework1\ext\nana\source\gui\widgets\button.cpp">
      <Filter>Source Files</Filter>
    </ClCompile>
    <ClCompile Include="C:\Users\user\Desktop\Programming Language\Homework1\ext\nana\source\gui\widgets\categorize.cpp">
      <Filter>Source Files</Filter>
    </ClCompile>
    <ClCompile Include="C:\Users\user\Desktop\Programming Language\Homework1\ext\nana\source\gui\widgets\checkbox.cpp">
      <Filter>Source Files</Filter>
    </ClCompile>
    <ClCompile Include="C:\Users\user\Desktop\Programming Language\Homework1\ext\nana\source\gui\widgets\combox.cpp">
      <Filter>Source Files</Filter>
    </ClCompile>
    <ClCompile Include="C:\Users\user\Desktop\Programming Language\Homework1\ext\nana\source\gui\widgets\date_chooser.cpp">
      <Filter>Source Files</Filter>
    </ClCompile>
    <ClCompile Include="C:\Users\user\Desktop\Programming Language\Homework1\ext\nana\source\gui\widgets\float_listbox.cpp">
      <Filter>Source Files</Filter>
    </ClCompile>
    <ClCompile Include="C:\Users\user\Desktop\Programming Language\Homework1\ext\nana\source\gui\widgets\form.cpp">
      <Filter>Source Files</Filter>
    </ClCompile>
    <ClCompile Include="C:\Users\user\Desktop\Programming Language\Homework1\ext\nana\source\gui\widgets\frame.cpp">
      <Filter>Source Files</Filter>
    </ClCompile>
    <ClCompile Include="C:\Users\user\Desktop\Programming Language\Homework1\ext\nana\source\gui\widgets\group.cpp">
      <Filter>Source Files</Filter>
    </ClCompile>
    <ClCompile Include="C:\Users\user\Desktop\Programming Language\Homework1\ext\nana\source\gui\widgets\label.cpp">
      <Filter>Source Files</Filter>
    </ClCompile>
    <ClCompile Include="C:\Users\user\Desktop\Programming Language\Homework1\ext\nana\source\gui\widgets\listbox.cpp">
      <Filter>Source Files</Filter>
    </ClCompile>
    <ClCompile Include="C:\Users\user\Desktop\Programming Language\Homework1\ext\nana\source\gui\widgets\menu.cpp">
      <Filter>Source Files</Filter>
    </ClCompile>
    <ClCompile Include="C:\Users\user\Desktop\Programming Language\Homework1\ext\nana\source\gui\widgets\menubar.cpp">
      <Filter>Source Files</Filter>
    </ClCompile>
    <ClCompile Include="C:\Users\user\Desktop\Programming Language\Homework1\ext\nana\source\gui\widgets\panel.cpp">
      <Filter>Source Files</Filter>
    </ClCompile>
    <ClCompile Include="C:\Users\user\Desktop\Programming Language\Homework1\ext\nana\source\gui\widgets\picture.cpp">
      <Filter>Source Files</Filter>
    </ClCompile>
    <ClCompile Include="C:\Users\user\Desktop\Programming Language\Homework1\ext\nana\source\gui\widgets\progress.cpp">
      <Filter>Source Files</Filter>
    </ClCompile>
    <ClCompile Include="C:\Users\user\Desktop\Programming Language\Homework1\ext\nana\source\gui\widgets\scroll.cpp">
      <Filter>Source Files</Filter>
    </ClCompile>
    <ClCompile Include="C:\Users\user\Desktop\Programming Language\Homework1\ext\nana\source\gui\widgets\slider.cpp">
      <Filter>Source Files</Filter>
    </ClCompile>
    <ClCompile Include="C:\Users\user\Desktop\Programming Language\Homework1\ext\nana\source\gui\widgets\spinbox.cpp">
      <Filter>Source Files</Filter>
    </ClCompile>
    <ClCompile Include="C:\Users\user\Desktop\Programming Language\Homework1\ext\nana\source\gui\widgets\tabbar.cpp">
      <Filter>Source Files</Filter>
    </ClCompile>
    <ClCompile Include="C:\Users\user\Desktop\Programming Language\Homework1\ext\nana\source\gui\widgets\textbox.cpp">
      <Filter>Source Files</Filter>
    </ClCompile>
    <ClCompile Include="C:\Users\user\Desktop\Programming Language\Homework1\ext\nana\source\gui\widgets\toolbar.cpp">
      <Filter>Source Files</Filter>
    </ClCompile>
    <ClCompile Include="C:\Users\user\Desktop\Programming Language\Homework1\ext\nana\source\gui\widgets\treebox.cpp">
      <Filter>Source Files</Filter>
    </ClCompile>
    <ClCompile Include="C:\Users\user\Desktop\Programming Language\Homework1\ext\nana\source\gui\widgets\widget.cpp">
      <Filter>Source Files</Filter>
    </ClCompile>
    <ClCompile Include="C:\Users\user\Desktop\Programming Language\Homework1\ext\nana\source\gui\widgets\skeletons\content_view.cpp">
      <Filter>Source Files</Filter>
    </ClCompile>
    <ClCompile Include="C:\Users\user\Desktop\Programming Language\Homework1\ext\nana\source\gui\widgets\skeletons\text_editor.cpp">
      <Filter>Source Files</Filter>
    </ClCompile>
    <ClCompile Include="C:\Users\user\Desktop\Programming Language\Homework1\ext\nana\source\paint\graphics.cpp">
      <Filter>Source Files</Filter>
    </ClCompile>
    <ClCompile Include="C:\Users\user\Desktop\Programming Language\Homework1\ext\nana\source\paint\image.cpp">
      <Filter>Source Files</Filter>
    </ClCompile>
    <ClCompile Include="C:\Users\user\Desktop\Programming Language\Homework1\ext\nana\source\paint\image_process_selector.cpp">
      <Filter>Source Files</Filter>
    </ClCompile>
    <ClCompile Include="C:\Users\user\Desktop\Programming Language\Homework1\ext\nana\source\paint\pixel_buffer.cpp">
      <Filter>Source Files</Filter>
    </ClCompile>
    <ClCompile Include="C:\Users\user\Desktop\Programming Language\Homework1\ext\nana\source\paint\text_renderer.cpp">
      <Filter>Source Files</Filter>
    </ClCompile>
    <ClCompile Include="C:\Users\user\Desktop\Programming Language\Homework1\ext\nana\source\paint\detail\image_process_provider.cpp">
      <Filter>Source Files</Filter>
    </ClCompile>
    <ClCompile Include="C:\Users\user\Desktop\Programming Language\Homework1\ext\nana\source\paint\detail\native_paint_interface.cpp">
      <Filter>Source Files</Filter>
    </ClCompile>
    <ClCompile Include="C:\Users\user\Desktop\Programming Language\Homework1\ext\nana\source\system\dataexch.cpp">
      <Filter>Source Files</Filter>
    </ClCompile>
    <ClCompile Include="C:\Users\user\Desktop\Programming Language\Homework1\ext\nana\source\system\platform.cpp">
      <Filter>Source Files</Filter>
    </ClCompile>
    <ClCompile Include="C:\Users\user\Desktop\Programming Language\Homework1\ext\nana\source\system\shared_wrapper.cpp">
      <Filter>Source Files</Filter>
    </ClCompile>
    <ClCompile Include="C:\Users\user\Desktop\Programming Language\Homework1\ext\nana\source\system\timepiece.cpp">
      <Filter>Source Files</Filter>
    </ClCompile>
    <ClCompile Include="C:\Users\user\Desktop\Programming Language\Homework1\ext\nana\source\threads\pool.cpp">
      <Filter>Source Files</Filter>
    </ClCompile>
  </ItemGroup>
  <ItemGroup>
    <CustomBuild Include="C:\Users\user\Desktop\Programming Language\Homework1\ext\nana\CMakeLists.txt" />
  </ItemGroup>
  <ItemGroup>
    <Filter Include="Source Files">
      <UniqueIdentifier>{7F77BB95-AF8D-3990-84CF-CBC173981403}</UniqueIdentifier>
    </Filter>
  </ItemGroup>
</Project>
